
Microsoft Visual Studio Solution File, Format Version 12.00
# Visual Studio Version 17
VisualStudioVersion = 17.6.33801.468
MinimumVisualStudioVersion = 10.0.40219.1
Project("{9A19103F-16F7-4668-BE54-9A1E7A4F7556}") = "SFA.DAS.Payments.Common.Messaging", "SFA.DAS.Payments.Common.Messaging\SFA.DAS.Payments.Common.Messaging.csproj", "{A6014C6C-CD22-473B-9978-B5930390C0F2}"
EndProject
Project("{9A19103F-16F7-4668-BE54-9A1E7A4F7556}") = "SFA.DAS.Payments.Common.Model.Core", "SFA.DAS.Payments.Common.Model.Core\SFA.DAS.Payments.Common.Model.Core.csproj", "{13930A48-268C-4C88-9C84-9C0E31CA6BBA}"
EndProject
Project("{2150E333-8FDC-42A3-9474-1A3956D46DE8}") = "Tests", "Tests", "{55A84FB5-51C6-4986-A376-44D04CDA298B}"
EndProject
Project("{FAE04EC0-301F-11D3-BF4B-00C04F79EFBC}") = "SFA.DAS.Payments.Common.Model.Core.UnitTests", "Tests\SFA.DAS.Payments.Common.Model.Core.UnitTests\SFA.DAS.Payments.Common.Model.Core.UnitTests.csproj", "{C5E94029-2E85-4443-9D8B-0D0268E001DA}"
EndProject
Global
	GlobalSection(SolutionConfigurationPlatforms) = preSolution
		Debug|Any CPU = Debug|Any CPU
		Release|Any CPU = Release|Any CPU
	EndGlobalSection
	GlobalSection(ProjectConfigurationPlatforms) = postSolution
		{A6014C6C-CD22-473B-9978-B5930390C0F2}.Debug|Any CPU.ActiveCfg = Debug|Any CPU
		{A6014C6C-CD22-473B-9978-B5930390C0F2}.Debug|Any CPU.Build.0 = Debug|Any CPU
		{A6014C6C-CD22-473B-9978-B5930390C0F2}.Release|Any CPU.ActiveCfg = Release|Any CPU
		{A6014C6C-CD22-473B-9978-B5930390C0F2}.Release|Any CPU.Build.0 = Release|Any CPU
		{13930A48-268C-4C88-9C84-9C0E31CA6BBA}.Debug|Any CPU.ActiveCfg = Debug|Any CPU
		{13930A48-268C-4C88-9C84-9C0E31CA6BBA}.Debug|Any CPU.Build.0 = Debug|Any CPU
		{13930A48-268C-4C88-9C84-9C0E31CA6BBA}.Release|Any CPU.ActiveCfg = Release|Any CPU
		{13930A48-268C-4C88-9C84-9C0E31CA6BBA}.Release|Any CPU.Build.0 = Release|Any CPU
		{C5E94029-2E85-4443-9D8B-0D0268E001DA}.Debug|Any CPU.ActiveCfg = Debug|Any CPU
		{C5E94029-2E85-4443-9D8B-0D0268E001DA}.Debug|Any CPU.Build.0 = Debug|Any CPU
		{C5E94029-2E85-4443-9D8B-0D0268E001DA}.Release|Any CPU.ActiveCfg = Release|Any CPU
		{C5E94029-2E85-4443-9D8B-0D0268E001DA}.Release|Any CPU.Build.0 = Release|Any CPU
	EndGlobalSection
	GlobalSection(SolutionProperties) = preSolution
		HideSolutionNode = FALSE
	EndGlobalSection
	GlobalSection(NestedProjects) = preSolution
		{C5E94029-2E85-4443-9D8B-0D0268E001DA} = {55A84FB5-51C6-4986-A376-44D04CDA298B}
	EndGlobalSection
	GlobalSection(ExtensibilityGlobals) = postSolution
		SolutionGuid = {F328410B-92FC-4416-A6DD-118E41326A97}
	EndGlobalSection
EndGlobal
